
Microsoft Visual Studio Solution File, Format Version 12.00
# Visual Studio Version 17
VisualStudioVersion = 17.4.33110.190
MinimumVisualStudioVersion = 10.0.40219.1
Project("{9A19103F-16F7-4668-BE54-9A1E7A4F7556}") = "GG4.0", "GG4.0.csproj", "{5CB0049A-DD31-43FF-838B-9F9FB9F707A4}"
EndProject
Global
	GlobalSection(SolutionConfigurationPlatforms) = preSolution
		Debug|Any CPU = Debug|Any CPU
		Debug|x86 = Debug|x86
		Release|Any CPU = Release|Any CPU
		Release|x86 = Release|x86
	EndGlobalSection
	GlobalSection(ProjectConfigurationPlatforms) = postSolution
		{5CB0049A-DD31-43FF-838B-9F9FB9F707A4}.Debug|Any CPU.ActiveCfg = Debug|Any CPU
		{5CB0049A-DD31-43FF-838B-9F9FB9F707A4}.Debug|Any CPU.Build.0 = Debug|Any CPU
		{5CB0049A-DD31-43FF-838B-9F9FB9F707A4}.Debug|x86.ActiveCfg = Debug|x86
		{5CB0049A-DD31-43FF-838B-9F9FB9F707A4}.Debug|x86.Build.0 = Debug|x86
		{5CB0049A-DD31-43FF-838B-9F9FB9F707A4}.Release|Any CPU.ActiveCfg = Release|Any CPU
		{5CB0049A-DD31-43FF-838B-9F9FB9F707A4}.Release|Any CPU.Build.0 = Release|Any CPU
		{5CB0049A-DD31-43FF-838B-9F9FB9F707A4}.Release|x86.ActiveCfg = Release|x86
		{5CB0049A-DD31-43FF-838B-9F9FB9F707A4}.Release|x86.Build.0 = Release|x86
	EndGlobalSection
	GlobalSection(SolutionProperties) = preSolution
		HideSolutionNode = FALSE
	EndGlobalSection
	GlobalSection(ExtensibilityGlobals) = postSolution
		SolutionGuid = {5D432C94-4B4B-47C1-A2E3-A370D1428570}
	EndGlobalSection
EndGlobal
